# This file is automatically @generated by Cargo.
# It is not intended for manual editing.
version = 3

[[package]]
name = "autocfg"
version = "1.1.0"
source = "registry+https://github.com/rust-lang/crates.io-index"
checksum = "d468802bab17cbc0cc575e9b053f41e72aa36bfa6b7f55e3529ffa43161b97fa"

[[package]]
name = "cfg-if"
version = "1.0.0"
source = "registry+https://github.com/rust-lang/crates.io-index"
checksum = "baf1de4339761588bc0619e3cbc0120ee582ebb74b53b4efbf79117bd2da40fd"

[[package]]
name = "dashu-base"
version = "0.3.1"
source = "registry+https://github.com/rust-lang/crates.io-index"
checksum = "6f2585452b8ecf7c874045dba02a7914b7e5b2e3cdd5e152573413aa290197aa"

[[package]]
name = "dashu-int"
version = "0.3.1"
source = "registry+https://github.com/rust-lang/crates.io-index"
checksum = "57a1009a3ce0c4c64e977c5e7dd8c475278750e145cbb8956d1e28832f557975"
dependencies = [
 "cfg-if",
 "dashu-base",
 "num-order",
 "num-traits",
 "rand",
 "static_assertions",
]

[[package]]
name = "factorize"
version = "0.1.0"
dependencies = [
 "dashu-int",
]

[[package]]
name = "num-integer"
version = "0.1.45"
source = "registry+https://github.com/rust-lang/crates.io-index"
checksum = "225d3389fb3509a24c93f5c29eb6bde2586b98d9f016636dff58d7c6f7569cd9"
dependencies = [
 "autocfg",
 "num-traits",
]

[[package]]
name = "num-modular"
version = "0.5.1"
source = "registry+https://github.com/rust-lang/crates.io-index"
checksum = "64a5fe11d4135c3bcdf3a95b18b194afa9608a5f6ff034f5d857bc9a27fb0119"
dependencies = [
 "num-integer",
 "num-traits",
]

[[package]]
name = "num-order"
version = "1.0.4"
source = "registry+https://github.com/rust-lang/crates.io-index"
checksum = "e81e321057a0370997b13e6638bba6bd7f6f426e1f8e9a2562490a28eb23e1bc"
dependencies = [
 "num-modular",
 "num-traits",
]

[[package]]
name = "num-traits"
version = "0.2.15"
source = "registry+https://github.com/rust-lang/crates.io-index"
checksum = "578ede34cf02f8924ab9447f50c28075b4d3e5b269972345e7e0372b38c6cdcd"
dependencies = [
 "autocfg",
]

[[package]]
name = "rand"
version = "0.8.5"
source = "registry+https://github.com/rust-lang/crates.io-index"
checksum = "34af8d1a0e25924bc5b7c43c079c942339d8f0a8b57c39049bef581b46327404"
dependencies = [
 "rand_core",
]

[[package]]
name = "rand_core"
version = "0.6.4"
source = "registry+https://github.com/rust-lang/crates.io-index"
checksum = "ec0be4795e2f6a28069bec0b5ff3e2ac9bafc99e6a9a7dc3547996c5c816922c"

[[package]]
name = "static_assertions"
version = "1.1.0"
source = "registry+https://github.com/rust-lang/crates.io-index"
checksum = "a2eb9349b6444b326872e140eb1cf5e7c522154d69e7a0ffb0fb81c06b37543f"
